
Microsoft Visual Studio Solution File, Format Version 11.00
# Visual Studio 2010
Project("{E24C65DC-7377-472B-9ABA-BC803B73C61A}") = "AIWebSite", "..\..\C#_Practice\AIWebSite\", "{4DDEAA2F-F1DB-4FF4-AAAA-506040747BAD}"
	ProjectSection(WebsiteProperties) = preProject
		TargetFrameworkMoniker = ".NETFramework,Version%3Dv4.0"
		ProjectReferences = "{094321E7-1492-43C2-9259-E356B381A452}|WebSiteDAL.dll;"
		Debug.AspNetCompiler.VirtualPath = "/AIWebSite"
		Debug.AspNetCompiler.PhysicalPath = "..\..\C#_Practice\AIWebSite\"
		Debug.AspNetCompiler.TargetPath = "PrecompiledWeb\AIWebSite\"
		Debug.AspNetCompiler.Updateable = "true"
		Debug.AspNetCompiler.ForceOverwrite = "true"
		Debug.AspNetCompiler.FixedNames = "false"
		Debug.AspNetCompiler.Debug = "True"
		Release.AspNetCompiler.VirtualPath = "/AIWebSite"
		Release.AspNetCompiler.PhysicalPath = "..\..\C#_Practice\AIWebSite\"
		Release.AspNetCompiler.TargetPath = "PrecompiledWeb\AIWebSite\"
		Release.AspNetCompiler.Updateable = "true"
		Release.AspNetCompiler.ForceOverwrite = "true"
		Release.AspNetCompiler.FixedNames = "false"
		Release.AspNetCompiler.Debug = "False"
		VWDPort = "9364"
		DefaultWebSiteLanguage = "Visual C#"
	EndProjectSection
EndProject
Project("{FAE04EC0-301F-11D3-BF4B-00C04F79EFBC}") = "WebSiteDAL", "WebSiteDAL\WebSiteDAL.csproj", "{094321E7-1492-43C2-9259-E356B381A452}"
EndProject
Global
	GlobalSection(SolutionConfigurationPlatforms) = preSolution
		Debug|Any CPU = Debug|Any CPU
		Release|Any CPU = Release|Any CPU
	EndGlobalSection
	GlobalSection(ProjectConfigurationPlatforms) = postSolution
		{4DDEAA2F-F1DB-4FF4-AAAA-506040747BAD}.Debug|Any CPU.ActiveCfg = Debug|Any CPU
		{4DDEAA2F-F1DB-4FF4-AAAA-506040747BAD}.Debug|Any CPU.Build.0 = Debug|Any CPU
		{4DDEAA2F-F1DB-4FF4-AAAA-506040747BAD}.Release|Any CPU.ActiveCfg = Debug|Any CPU
		{4DDEAA2F-F1DB-4FF4-AAAA-506040747BAD}.Release|Any CPU.Build.0 = Debug|Any CPU
		{094321E7-1492-43C2-9259-E356B381A452}.Debug|Any CPU.ActiveCfg = Debug|Any CPU
		{094321E7-1492-43C2-9259-E356B381A452}.Debug|Any CPU.Build.0 = Debug|Any CPU
		{094321E7-1492-43C2-9259-E356B381A452}.Release|Any CPU.ActiveCfg = Release|Any CPU
		{094321E7-1492-43C2-9259-E356B381A452}.Release|Any CPU.Build.0 = Release|Any CPU
	EndGlobalSection
	GlobalSection(SolutionProperties) = preSolution
		HideSolutionNode = FALSE
	EndGlobalSection
EndGlobal
